
Microsoft Visual Studio Solution File, Format Version 12.00
# Visual Studio Version 17
VisualStudioVersion = 17.1.32328.378
MinimumVisualStudioVersion = 10.0.40219.1
Project("{9A19103F-16F7-4668-BE54-9A1E7A4F7556}") = "Core", "Core\Core.csproj", "{E018DB0C-815F-4350-913E-18B76544391A}"
EndProject
Project("{9A19103F-16F7-4668-BE54-9A1E7A4F7556}") = "Repositories", "Repositories\Repositories.csproj", "{791397C1-AE76-4731-ADB0-EF3A62945392}"
EndProject
Project("{9A19103F-16F7-4668-BE54-9A1E7A4F7556}") = "Services", "Services\Services.csproj", "{7A05AE9A-0389-486C-BC68-06775F9A71BC}"
EndProject
Project("{9A19103F-16F7-4668-BE54-9A1E7A4F7556}") = "API", "API\API.csproj", "{F4A65E06-E584-45CC-A2D0-841294CC8A20}"
EndProject
Global
	GlobalSection(SolutionConfigurationPlatforms) = preSolution
		Debug|Any CPU = Debug|Any CPU
		Release|Any CPU = Release|Any CPU
	EndGlobalSection
	GlobalSection(ProjectConfigurationPlatforms) = postSolution
		{E018DB0C-815F-4350-913E-18B76544391A}.Debug|Any CPU.ActiveCfg = Debug|Any CPU
		{E018DB0C-815F-4350-913E-18B76544391A}.Debug|Any CPU.Build.0 = Debug|Any CPU
		{E018DB0C-815F-4350-913E-18B76544391A}.Release|Any CPU.ActiveCfg = Release|Any CPU
		{E018DB0C-815F-4350-913E-18B76544391A}.Release|Any CPU.Build.0 = Release|Any CPU
		{791397C1-AE76-4731-ADB0-EF3A62945392}.Debug|Any CPU.ActiveCfg = Debug|Any CPU
		{791397C1-AE76-4731-ADB0-EF3A62945392}.Debug|Any CPU.Build.0 = Debug|Any CPU
		{791397C1-AE76-4731-ADB0-EF3A62945392}.Release|Any CPU.ActiveCfg = Release|Any CPU
		{791397C1-AE76-4731-ADB0-EF3A62945392}.Release|Any CPU.Build.0 = Release|Any CPU
		{7A05AE9A-0389-486C-BC68-06775F9A71BC}.Debug|Any CPU.ActiveCfg = Debug|Any CPU
		{7A05AE9A-0389-486C-BC68-06775F9A71BC}.Debug|Any CPU.Build.0 = Debug|Any CPU
		{7A05AE9A-0389-486C-BC68-06775F9A71BC}.Release|Any CPU.ActiveCfg = Release|Any CPU
		{7A05AE9A-0389-486C-BC68-06775F9A71BC}.Release|Any CPU.Build.0 = Release|Any CPU
		{F4A65E06-E584-45CC-A2D0-841294CC8A20}.Debug|Any CPU.ActiveCfg = Debug|Any CPU
		{F4A65E06-E584-45CC-A2D0-841294CC8A20}.Debug|Any CPU.Build.0 = Debug|Any CPU
		{F4A65E06-E584-45CC-A2D0-841294CC8A20}.Release|Any CPU.ActiveCfg = Release|Any CPU
		{F4A65E06-E584-45CC-A2D0-841294CC8A20}.Release|Any CPU.Build.0 = Release|Any CPU
	EndGlobalSection
	GlobalSection(SolutionProperties) = preSolution
		HideSolutionNode = FALSE
	EndGlobalSection
	GlobalSection(ExtensibilityGlobals) = postSolution
		SolutionGuid = {A557DA2D-B590-4066-8245-C5136D52B26B}
	EndGlobalSection
EndGlobal
